
Microsoft Visual Studio Solution File, Format Version 12.00
# Visual Studio Version 17
VisualStudioVersion = 17.6.33513.286
MinimumVisualStudioVersion = 10.0.40219.1
Project("{9A19103F-16F7-4668-BE54-9A1E7A4F7556}") = "AWPSNegotiateServer", "AWPSNegotiateServer\AWPSNegotiateServer.csproj", "{6F8D4161-EFE1-4C9A-8313-CD0268CAAFDD}"
EndProject
Global
	GlobalSection(SolutionConfigurationPlatforms) = preSolution
		Debug|Any CPU = Debug|Any CPU
		Release|Any CPU = Release|Any CPU
	EndGlobalSection
	GlobalSection(ProjectConfigurationPlatforms) = postSolution
		{6F8D4161-EFE1-4C9A-8313-CD0268CAAFDD}.Debug|Any CPU.ActiveCfg = Debug|Any CPU
		{6F8D4161-EFE1-4C9A-8313-CD0268CAAFDD}.Debug|Any CPU.Build.0 = Debug|Any CPU
		{6F8D4161-EFE1-4C9A-8313-CD0268CAAFDD}.Release|Any CPU.ActiveCfg = Release|Any CPU
		{6F8D4161-EFE1-4C9A-8313-CD0268CAAFDD}.Release|Any CPU.Build.0 = Release|Any CPU
	EndGlobalSection
	GlobalSection(SolutionProperties) = preSolution
		HideSolutionNode = FALSE
	EndGlobalSection
	GlobalSection(ExtensibilityGlobals) = postSolution
		SolutionGuid = {E9370E15-46E0-43EB-88E6-CB048451C81E}
	EndGlobalSection
EndGlobal
