
Microsoft Visual Studio Solution File, Format Version 12.00
# Visual Studio Version 17
VisualStudioVersion = 17.5.33318.248
MinimumVisualStudioVersion = 10.0.40219.1
Project("{9A19103F-16F7-4668-BE54-9A1E7A4F7556}") = "NugetPackages", "NugetPackages\NugetPackages.csproj", "{A20A8268-C323-47F3-8521-8BB09BCBA2ED}"
EndProject
Global
	GlobalSection(SolutionConfigurationPlatforms) = preSolution
		Debug|Any CPU = Debug|Any CPU
		Release|Any CPU = Release|Any CPU
	EndGlobalSection
	GlobalSection(ProjectConfigurationPlatforms) = postSolution
		{A20A8268-C323-47F3-8521-8BB09BCBA2ED}.Debug|Any CPU.ActiveCfg = Debug|Any CPU
		{A20A8268-C323-47F3-8521-8BB09BCBA2ED}.Debug|Any CPU.Build.0 = Debug|Any CPU
		{A20A8268-C323-47F3-8521-8BB09BCBA2ED}.Release|Any CPU.ActiveCfg = Release|Any CPU
		{A20A8268-C323-47F3-8521-8BB09BCBA2ED}.Release|Any CPU.Build.0 = Release|Any CPU
	EndGlobalSection
	GlobalSection(SolutionProperties) = preSolution
		HideSolutionNode = FALSE
	EndGlobalSection
	GlobalSection(ExtensibilityGlobals) = postSolution
		SolutionGuid = {DBC6BA16-5687-4765-88F0-CA6612161834}
	EndGlobalSection
EndGlobal
